// !$*UTF8*$!
{
	archiveVersion = 1;
	classes = {
	};
	objectVersion = 56;
	objects = {

/* Begin PBXBuildFile section */
		61500B162A2FBAB7001FE294 /* ios_logger2App.swift in Sources */ = {isa = PBXBuildFile; fileRef = 61500B152A2FBAB7001FE294 /* ios_logger2App.swift */; };
		61500B182A2FBAB7001FE294 /* ContentView.swift in Sources */ = {isa = PBXBuildFile; fileRef = 61500B172A2FBAB7001FE294 /* ContentView.swift */; };
		61500B1A2A2FBAB8001FE294 /* Assets.xcassets in Resources */ = {isa = PBXBuildFile; fileRef = 61500B192A2FBAB8001FE294 /* Assets.xcassets */; };
		61500B1D2A2FBAB8001FE294 /* Preview Assets.xcassets in Resources */ = {isa = PBXBuildFile; fileRef = 61500B1C2A2FBAB8001FE294 /* Preview Assets.xcassets */; };
		61500B272A2FBAB8001FE294 /* ios_logger2Tests.swift in Sources */ = {isa = PBXBuildFile; fileRef = 61500B262A2FBAB8001FE294 /* ios_logger2Tests.swift */; };
		61500B312A2FBAB8001FE294 /* ios_logger2UITests.swift in Sources */ = {isa = PBXBuildFile; fileRef = 61500B302A2FBAB8001FE294 /* ios_logger2UITests.swift */; };
		61500B332A2FBAB8001FE294 /* ios_logger2UITestsLaunchTests.swift in Sources */ = {isa = PBXBuildFile; fileRef = 61500B322A2FBAB8001FE294 /* ios_logger2UITestsLaunchTests.swift */; };
		61500B402A2FBEEB001FE294 /* Sensor.swift in Sources */ = {isa = PBXBuildFile; fileRef = 61500B3F2A2FBEEB001FE294 /* Sensor.swift */; };
		61500B422A2FC34B001FE294 /* Accelerometer.swift in Sources */ = {isa = PBXBuildFile; fileRef = 61500B412A2FC34B001FE294 /* Accelerometer.swift */; };
		61500B442A2FCC83001FE294 /* Motion.swift in Sources */ = {isa = PBXBuildFile; fileRef = 61500B432A2FCC83001FE294 /* Motion.swift */; };
		61500B492A30C81F001FE294 /* SwiftProtobuf in Frameworks */ = {isa = PBXBuildFile; productRef = 61500B482A30C81F001FE294 /* SwiftProtobuf */; };
		61500B4B2A30C81F001FE294 /* SwiftProtobufPluginLibrary in Frameworks */ = {isa = PBXBuildFile; productRef = 61500B4A2A30C81F001FE294 /* SwiftProtobufPluginLibrary */; };
		61500B4D2A30C81F001FE294 /* protoc-gen-swift in Frameworks */ = {isa = PBXBuildFile; productRef = 61500B4C2A30C81F001FE294 /* protoc-gen-swift */; };
		61500B5C2A30CCB0001FE294 /* test.proto in Sources */ = {isa = PBXBuildFile; fileRef = 61500B5B2A30CCB0001FE294 /* test.proto */; };
		61500B5E2A30CD06001FE294 /* test.pb.swift in Sources */ = {isa = PBXBuildFile; fileRef = 61500B5D2A30CD06001FE294 /* test.pb.swift */; };
/* End PBXBuildFile section */

/* Begin PBXContainerItemProxy section */
		61500B232A2FBAB8001FE294 /* PBXContainerItemProxy */ = {
			isa = PBXContainerItemProxy;
			containerPortal = 61500B0A2A2FBAB7001FE294 /* Project object */;
			proxyType = 1;
			remoteGlobalIDString = 61500B112A2FBAB7001FE294;
			remoteInfo = ios_logger2;
		};
		61500B2D2A2FBAB8001FE294 /* PBXContainerItemProxy */ = {
			isa = PBXContainerItemProxy;
			containerPortal = 61500B0A2A2FBAB7001FE294 /* Project object */;
			proxyType = 1;
			remoteGlobalIDString = 61500B112A2FBAB7001FE294;
			remoteInfo = ios_logger2;
		};
/* End PBXContainerItemProxy section */

/* Begin PBXFileReference section */
		61500B122A2FBAB7001FE294 /* ios_logger2.app */ = {isa = PBXFileReference; explicitFileType = wrapper.application; includeInIndex = 0; path = ios_logger2.app; sourceTree = BUILT_PRODUCTS_DIR; };
		61500B152A2FBAB7001FE294 /* ios_logger2App.swift */ = {isa = PBXFileReference; lastKnownFileType = sourcecode.swift; path = ios_logger2App.swift; sourceTree = "<group>"; };
		61500B172A2FBAB7001FE294 /* ContentView.swift */ = {isa = PBXFileReference; lastKnownFileType = sourcecode.swift; path = ContentView.swift; sourceTree = "<group>"; };
		61500B192A2FBAB8001FE294 /* Assets.xcassets */ = {isa = PBXFileReference; lastKnownFileType = folder.assetcatalog; path = Assets.xcassets; sourceTree = "<group>"; };
		61500B1C2A2FBAB8001FE294 /* Preview Assets.xcassets */ = {isa = PBXFileReference; lastKnownFileType = folder.assetcatalog; path = "Preview Assets.xcassets"; sourceTree = "<group>"; };
		61500B222A2FBAB8001FE294 /* ios_logger2Tests.xctest */ = {isa = PBXFileReference; explicitFileType = wrapper.cfbundle; includeInIndex = 0; path = ios_logger2Tests.xctest; sourceTree = BUILT_PRODUCTS_DIR; };
		61500B262A2FBAB8001FE294 /* ios_logger2Tests.swift */ = {isa = PBXFileReference; lastKnownFileType = sourcecode.swift; path = ios_logger2Tests.swift; sourceTree = "<group>"; };
		61500B2C2A2FBAB8001FE294 /* ios_logger2UITests.xctest */ = {isa = PBXFileReference; explicitFileType = wrapper.cfbundle; includeInIndex = 0; path = ios_logger2UITests.xctest; sourceTree = BUILT_PRODUCTS_DIR; };
		61500B302A2FBAB8001FE294 /* ios_logger2UITests.swift */ = {isa = PBXFileReference; lastKnownFileType = sourcecode.swift; path = ios_logger2UITests.swift; sourceTree = "<group>"; };
		61500B322A2FBAB8001FE294 /* ios_logger2UITestsLaunchTests.swift */ = {isa = PBXFileReference; lastKnownFileType = sourcecode.swift; path = ios_logger2UITestsLaunchTests.swift; sourceTree = "<group>"; };
		61500B3F2A2FBEEB001FE294 /* Sensor.swift */ = {isa = PBXFileReference; lastKnownFileType = sourcecode.swift; path = Sensor.swift; sourceTree = "<group>"; };
		61500B412A2FC34B001FE294 /* Accelerometer.swift */ = {isa = PBXFileReference; lastKnownFileType = sourcecode.swift; path = Accelerometer.swift; sourceTree = "<group>"; };
		61500B432A2FCC83001FE294 /* Motion.swift */ = {isa = PBXFileReference; lastKnownFileType = sourcecode.swift; path = Motion.swift; sourceTree = "<group>"; };
		61500B5B2A30CCB0001FE294 /* test.proto */ = {isa = PBXFileReference; lastKnownFileType = sourcecode.protobuf; path = test.proto; sourceTree = "<group>"; };
		61500B5D2A30CD06001FE294 /* test.pb.swift */ = {isa = PBXFileReference; fileEncoding = 4; lastKnownFileType = sourcecode.swift; path = test.pb.swift; sourceTree = "<group>"; };
/* End PBXFileReference section */

/* Begin PBXFrameworksBuildPhase section */
		61500B0F2A2FBAB7001FE294 /* Frameworks */ = {
			isa = PBXFrameworksBuildPhase;
			buildActionMask = 2147483647;
			files = (
				61500B4B2A30C81F001FE294 /* SwiftProtobufPluginLibrary in Frameworks */,
				61500B492A30C81F001FE294 /* SwiftProtobuf in Frameworks */,
				61500B4D2A30C81F001FE294 /* protoc-gen-swift in Frameworks */,
			);
			runOnlyForDeploymentPostprocessing = 0;
		};
		61500B1F2A2FBAB8001FE294 /* Frameworks */ = {
			isa = PBXFrameworksBuildPhase;
			buildActionMask = 2147483647;
			files = (
			);
			runOnlyForDeploymentPostprocessing = 0;
		};
		61500B292A2FBAB8001FE294 /* Frameworks */ = {
			isa = PBXFrameworksBuildPhase;
			buildActionMask = 2147483647;
			files = (
			);
			runOnlyForDeploymentPostprocessing = 0;
		};
/* End PBXFrameworksBuildPhase section */

/* Begin PBXGroup section */
		61500B092A2FBAB7001FE294 = {
			isa = PBXGroup;
			children = (
				61500B142A2FBAB7001FE294 /* ios_logger2 */,
				61500B252A2FBAB8001FE294 /* ios_logger2Tests */,
				61500B2F2A2FBAB8001FE294 /* ios_logger2UITests */,
				61500B132A2FBAB7001FE294 /* Products */,
			);
			sourceTree = "<group>";
		};
		61500B132A2FBAB7001FE294 /* Products */ = {
			isa = PBXGroup;
			children = (
				61500B122A2FBAB7001FE294 /* ios_logger2.app */,
				61500B222A2FBAB8001FE294 /* ios_logger2Tests.xctest */,
				61500B2C2A2FBAB8001FE294 /* ios_logger2UITests.xctest */,
			);
			name = Products;
			sourceTree = "<group>";
		};
		61500B142A2FBAB7001FE294 /* ios_logger2 */ = {
			isa = PBXGroup;
			children = (
				61500B5A2A30CC76001FE294 /* protos */,
				61500B152A2FBAB7001FE294 /* ios_logger2App.swift */,
				61500B3F2A2FBEEB001FE294 /* Sensor.swift */,
				61500B412A2FC34B001FE294 /* Accelerometer.swift */,
				61500B432A2FCC83001FE294 /* Motion.swift */,
				61500B172A2FBAB7001FE294 /* ContentView.swift */,
				61500B192A2FBAB8001FE294 /* Assets.xcassets */,
				61500B1B2A2FBAB8001FE294 /* Preview Content */,
			);
			path = ios_logger2;
			sourceTree = "<group>";
		};
		61500B1B2A2FBAB8001FE294 /* Preview Content */ = {
			isa = PBXGroup;
			children = (
				61500B1C2A2FBAB8001FE294 /* Preview Assets.xcassets */,
			);
			path = "Preview Content";
			sourceTree = "<group>";
		};
		61500B252A2FBAB8001FE294 /* ios_logger2Tests */ = {
			isa = PBXGroup;
			children = (
				61500B262A2FBAB8001FE294 /* ios_logger2Tests.swift */,
			);
			path = ios_logger2Tests;
			sourceTree = "<group>";
		};
		61500B2F2A2FBAB8001FE294 /* ios_logger2UITests */ = {
			isa = PBXGroup;
			children = (
				61500B302A2FBAB8001FE294 /* ios_logger2UITests.swift */,
				61500B322A2FBAB8001FE294 /* ios_logger2UITestsLaunchTests.swift */,
			);
			path = ios_logger2UITests;
			sourceTree = "<group>";
		};
		61500B5A2A30CC76001FE294 /* protos */ = {
			isa = PBXGroup;
			children = (
				61500B5D2A30CD06001FE294 /* test.pb.swift */,
				61500B5B2A30CCB0001FE294 /* test.proto */,
			);
			path = protos;
			sourceTree = "<group>";
		};
/* End PBXGroup section */

/* Begin PBXNativeTarget section */
		61500B112A2FBAB7001FE294 /* ios_logger2 */ = {
			isa = PBXNativeTarget;
			buildConfigurationList = 61500B362A2FBAB8001FE294 /* Build configuration list for PBXNativeTarget "ios_logger2" */;
			buildPhases = (
				61500B0E2A2FBAB7001FE294 /* Sources */,
				61500B0F2A2FBAB7001FE294 /* Frameworks */,
				61500B102A2FBAB7001FE294 /* Resources */,
			);
			buildRules = (
			);
			dependencies = (
			);
			name = ios_logger2;
			packageProductDependencies = (
				61500B482A30C81F001FE294 /* SwiftProtobuf */,
				61500B4A2A30C81F001FE294 /* SwiftProtobufPluginLibrary */,
				61500B4C2A30C81F001FE294 /* protoc-gen-swift */,
			);
			productName = ios_logger2;
			productReference = 61500B122A2FBAB7001FE294 /* ios_logger2.app */;
			productType = "com.apple.product-type.application";
		};
		61500B212A2FBAB8001FE294 /* ios_logger2Tests */ = {
			isa = PBXNativeTarget;
			buildConfigurationList = 61500B392A2FBAB8001FE294 /* Build configuration list for PBXNativeTarget "ios_logger2Tests" */;
			buildPhases = (
				61500B1E2A2FBAB8001FE294 /* Sources */,
				61500B1F2A2FBAB8001FE294 /* Frameworks */,
				61500B202A2FBAB8001FE294 /* Resources */,
			);
			buildRules = (
			);
			dependencies = (
				61500B242A2FBAB8001FE294 /* PBXTargetDependency */,
			);
			name = ios_logger2Tests;
			productName = ios_logger2Tests;
			productReference = 61500B222A2FBAB8001FE294 /* ios_logger2Tests.xctest */;
			productType = "com.apple.product-type.bundle.unit-test";
		};
		61500B2B2A2FBAB8001FE294 /* ios_logger2UITests */ = {
			isa = PBXNativeTarget;
			buildConfigurationList = 61500B3C2A2FBAB8001FE294 /* Build configuration list for PBXNativeTarget "ios_logger2UITests" */;
			buildPhases = (
				61500B282A2FBAB8001FE294 /* Sources */,
				61500B292A2FBAB8001FE294 /* Frameworks */,
				61500B2A2A2FBAB8001FE294 /* Resources */,
			);
			buildRules = (
			);
			dependencies = (
				61500B2E2A2FBAB8001FE294 /* PBXTargetDependency */,
			);
			name = ios_logger2UITests;
			productName = ios_logger2UITests;
			productReference = 61500B2C2A2FBAB8001FE294 /* ios_logger2UITests.xctest */;
			productType = "com.apple.product-type.bundle.ui-testing";
		};
/* End PBXNativeTarget section */

/* Begin PBXProject section */
		61500B0A2A2FBAB7001FE294 /* Project object */ = {
			isa = PBXProject;
			attributes = {
				BuildIndependentTargetsInParallel = 1;
				LastSwiftUpdateCheck = 1430;
				LastUpgradeCheck = 1430;
				TargetAttributes = {
					61500B112A2FBAB7001FE294 = {
						CreatedOnToolsVersion = 14.3.1;
					};
					61500B212A2FBAB8001FE294 = {
						CreatedOnToolsVersion = 14.3.1;
						TestTargetID = 61500B112A2FBAB7001FE294;
					};
					61500B2B2A2FBAB8001FE294 = {
						CreatedOnToolsVersion = 14.3.1;
						TestTargetID = 61500B112A2FBAB7001FE294;
					};
				};
			};
			buildConfigurationList = 61500B0D2A2FBAB7001FE294 /* Build configuration list for PBXProject "ios_logger2" */;
			compatibilityVersion = "Xcode 14.0";
			developmentRegion = en;
			hasScannedForEncodings = 0;
			knownRegions = (
				en,
				Base,
			);
			mainGroup = 61500B092A2FBAB7001FE294;
			packageReferences = (
				61500B472A30C81F001FE294 /* XCRemoteSwiftPackageReference "swift-protobuf" */,
			);
			productRefGroup = 61500B132A2FBAB7001FE294 /* Products */;
			projectDirPath = "";
			projectRoot = "";
			targets = (
				61500B112A2FBAB7001FE294 /* ios_logger2 */,
				61500B212A2FBAB8001FE294 /* ios_logger2Tests */,
				61500B2B2A2FBAB8001FE294 /* ios_logger2UITests */,
			);
		};
/* End PBXProject section */

/* Begin PBXResourcesBuildPhase section */
		61500B102A2FBAB7001FE294 /* Resources */ = {
			isa = PBXResourcesBuildPhase;
			buildActionMask = 2147483647;
			files = (
				61500B1D2A2FBAB8001FE294 /* Preview Assets.xcassets in Resources */,
				61500B1A2A2FBAB8001FE294 /* Assets.xcassets in Resources */,
			);
			runOnlyForDeploymentPostprocessing = 0;
		};
		61500B202A2FBAB8001FE294 /* Resources */ = {
			isa = PBXResourcesBuildPhase;
			buildActionMask = 2147483647;
			files = (
			);
			runOnlyForDeploymentPostprocessing = 0;
		};
		61500B2A2A2FBAB8001FE294 /* Resources */ = {
			isa = PBXResourcesBuildPhase;
			buildActionMask = 2147483647;
			files = (
			);
			runOnlyForDeploymentPostprocessing = 0;
		};
/* End PBXResourcesBuildPhase section */

/* Begin PBXSourcesBuildPhase section */
		61500B0E2A2FBAB7001FE294 /* Sources */ = {
			isa = PBXSourcesBuildPhase;
			buildActionMask = 2147483647;
			files = (
				61500B5C2A30CCB0001FE294 /* test.proto in Sources */,
				61500B182A2FBAB7001FE294 /* ContentView.swift in Sources */,
				61500B422A2FC34B001FE294 /* Accelerometer.swift in Sources */,
				61500B402A2FBEEB001FE294 /* Sensor.swift in Sources */,
				61500B5E2A30CD06001FE294 /* test.pb.swift in Sources */,
				61500B442A2FCC83001FE294 /* Motion.swift in Sources */,
				61500B162A2FBAB7001FE294 /* ios_logger2App.swift in Sources */,
			);
			runOnlyForDeploymentPostprocessing = 0;
		};
		61500B1E2A2FBAB8001FE294 /* Sources */ = {
			isa = PBXSourcesBuildPhase;
			buildActionMask = 2147483647;
			files = (
				61500B272A2FBAB8001FE294 /* ios_logger2Tests.swift in Sources */,
			);
			runOnlyForDeploymentPostprocessing = 0;
		};
		61500B282A2FBAB8001FE294 /* Sources */ = {
			isa = PBXSourcesBuildPhase;
			buildActionMask = 2147483647;
			files = (
				61500B312A2FBAB8001FE294 /* ios_logger2UITests.swift in Sources */,
				61500B332A2FBAB8001FE294 /* ios_logger2UITestsLaunchTests.swift in Sources */,
			);
			runOnlyForDeploymentPostprocessing = 0;
		};
/* End PBXSourcesBuildPhase section */

/* Begin PBXTargetDependency section */
		61500B242A2FBAB8001FE294 /* PBXTargetDependency */ = {
			isa = PBXTargetDependency;
			target = 61500B112A2FBAB7001FE294 /* ios_logger2 */;
			targetProxy = 61500B232A2FBAB8001FE294 /* PBXContainerItemProxy */;
		};
		61500B2E2A2FBAB8001FE294 /* PBXTargetDependency */ = {
			isa = PBXTargetDependency;
			target = 61500B112A2FBAB7001FE294 /* ios_logger2 */;
			targetProxy = 61500B2D2A2FBAB8001FE294 /* PBXContainerItemProxy */;
		};
/* End PBXTargetDependency section */

/* Begin XCBuildConfiguration section */
		61500B342A2FBAB8001FE294 /* Debug */ = {
			isa = XCBuildConfiguration;
			buildSettings = {
				ALWAYS_SEARCH_USER_PATHS = NO;
				CLANG_ANALYZER_NONNULL = YES;
				CLANG_ANALYZER_NUMBER_OBJECT_CONVERSION = YES_AGGRESSIVE;
				CLANG_CXX_LANGUAGE_STANDARD = "gnu++20";
				CLANG_ENABLE_MODULES = YES;
				CLANG_ENABLE_OBJC_ARC = YES;
				CLANG_ENABLE_OBJC_WEAK = YES;
				CLANG_WARN_BLOCK_CAPTURE_AUTORELEASING = YES;
				CLANG_WARN_BOOL_CONVERSION = YES;
				CLANG_WARN_COMMA = YES;
				CLANG_WARN_CONSTANT_CONVERSION = YES;
				CLANG_WARN_DEPRECATED_OBJC_IMPLEMENTATIONS = YES;
				CLANG_WARN_DIRECT_OBJC_ISA_USAGE = YES_ERROR;
				CLANG_WARN_DOCUMENTATION_COMMENTS = YES;
				CLANG_WARN_EMPTY_BODY = YES;
				CLANG_WARN_ENUM_CONVERSION = YES;
				CLANG_WARN_INFINITE_RECURSION = YES;
				CLANG_WARN_INT_CONVERSION = YES;
				CLANG_WARN_NON_LITERAL_NULL_CONVERSION = YES;
				CLANG_WARN_OBJC_IMPLICIT_RETAIN_SELF = YES;
				CLANG_WARN_OBJC_LITERAL_CONVERSION = YES;
				CLANG_WARN_OBJC_ROOT_CLASS = YES_ERROR;
				CLANG_WARN_QUOTED_INCLUDE_IN_FRAMEWORK_HEADER = YES;
				CLANG_WARN_RANGE_LOOP_ANALYSIS = YES;
				CLANG_WARN_STRICT_PROTOTYPES = YES;
				CLANG_WARN_SUSPICIOUS_MOVE = YES;
				CLANG_WARN_UNGUARDED_AVAILABILITY = YES_AGGRESSIVE;
				CLANG_WARN_UNREACHABLE_CODE = YES;
				CLANG_WARN__DUPLICATE_METHOD_MATCH = YES;
				COPY_PHASE_STRIP = NO;
				DEBUG_INFORMATION_FORMAT = dwarf;
				ENABLE_STRICT_OBJC_MSGSEND = YES;
				ENABLE_TESTABILITY = YES;
				GCC_C_LANGUAGE_STANDARD = gnu11;
				GCC_DYNAMIC_NO_PIC = NO;
				GCC_NO_COMMON_BLOCKS = YES;
				GCC_OPTIMIZATION_LEVEL = 0;
				GCC_PREPROCESSOR_DEFINITIONS = (
					"DEBUG=1",
					"$(inherited)",
				);
				GCC_WARN_64_TO_32_BIT_CONVERSION = YES;
				GCC_WARN_ABOUT_RETURN_TYPE = YES_ERROR;
				GCC_WARN_UNDECLARED_SELECTOR = YES;
				GCC_WARN_UNINITIALIZED_AUTOS = YES_AGGRESSIVE;
				GCC_WARN_UNUSED_FUNCTION = YES;
				GCC_WARN_UNUSED_VARIABLE = YES;
				IPHONEOS_DEPLOYMENT_TARGET = 16.4;
				MTL_ENABLE_DEBUG_INFO = INCLUDE_SOURCE;
				MTL_FAST_MATH = YES;
				ONLY_ACTIVE_ARCH = YES;
				SDKROOT = iphoneos;
				SWIFT_ACTIVE_COMPILATION_CONDITIONS = DEBUG;
				SWIFT_OPTIMIZATION_LEVEL = "-Onone";
			};
			name = Debug;
		};
		61500B352A2FBAB8001FE294 /* Release */ = {
			isa = XCBuildConfiguration;
			buildSettings = {
				ALWAYS_SEARCH_USER_PATHS = NO;
				CLANG_ANALYZER_NONNULL = YES;
				CLANG_ANALYZER_NUMBER_OBJECT_CONVERSION = YES_AGGRESSIVE;
				CLANG_CXX_LANGUAGE_STANDARD = "gnu++20";
				CLANG_ENABLE_MODULES = YES;
				CLANG_ENABLE_OBJC_ARC = YES;
				CLANG_ENABLE_OBJC_WEAK = YES;
				CLANG_WARN_BLOCK_CAPTURE_AUTORELEASING = YES;
				CLANG_WARN_BOOL_CONVERSION = YES;
				CLANG_WARN_COMMA = YES;
				CLANG_WARN_CONSTANT_CONVERSION = YES;
				CLANG_WARN_DEPRECATED_OBJC_IMPLEMENTATIONS = YES;
				CLANG_WARN_DIRECT_OBJC_ISA_USAGE = YES_ERROR;
				CLANG_WARN_DOCUMENTATION_COMMENTS = YES;
				CLANG_WARN_EMPTY_BODY = YES;
				CLANG_WARN_ENUM_CONVERSION = YES;
				CLANG_WARN_INFINITE_RECURSION = YES;
				CLANG_WARN_INT_CONVERSION = YES;
				CLANG_WARN_NON_LITERAL_NULL_CONVERSION = YES;
				CLANG_WARN_OBJC_IMPLICIT_RETAIN_SELF = YES;
				CLANG_WARN_OBJC_LITERAL_CONVERSION = YES;
				CLANG_WARN_OBJC_ROOT_CLASS = YES_ERROR;
				CLANG_WARN_QUOTED_INCLUDE_IN_FRAMEWORK_HEADER = YES;
				CLANG_WARN_RANGE_LOOP_ANALYSIS = YES;
				CLANG_WARN_STRICT_PROTOTYPES = YES;
				CLANG_WARN_SUSPICIOUS_MOVE = YES;
				CLANG_WARN_UNGUARDED_AVAILABILITY = YES_AGGRESSIVE;
				CLANG_WARN_UNREACHABLE_CODE = YES;
				CLANG_WARN__DUPLICATE_METHOD_MATCH = YES;
				COPY_PHASE_STRIP = NO;
				DEBUG_INFORMATION_FORMAT = "dwarf-with-dsym";
				ENABLE_NS_ASSERTIONS = NO;
				ENABLE_STRICT_OBJC_MSGSEND = YES;
				GCC_C_LANGUAGE_STANDARD = gnu11;
				GCC_NO_COMMON_BLOCKS = YES;
				GCC_WARN_64_TO_32_BIT_CONVERSION = YES;
				GCC_WARN_ABOUT_RETURN_TYPE = YES_ERROR;
				GCC_WARN_UNDECLARED_SELECTOR = YES;
				GCC_WARN_UNINITIALIZED_AUTOS = YES_AGGRESSIVE;
				GCC_WARN_UNUSED_FUNCTION = YES;
				GCC_WARN_UNUSED_VARIABLE = YES;
				IPHONEOS_DEPLOYMENT_TARGET = 16.4;
				MTL_ENABLE_DEBUG_INFO = NO;
				MTL_FAST_MATH = YES;
				SDKROOT = iphoneos;
				SWIFT_COMPILATION_MODE = wholemodule;
				SWIFT_OPTIMIZATION_LEVEL = "-O";
				VALIDATE_PRODUCT = YES;
			};
			name = Release;
		};
		61500B372A2FBAB8001FE294 /* Debug */ = {
			isa = XCBuildConfiguration;
			buildSettings = {
				ASSETCATALOG_COMPILER_APPICON_NAME = AppIcon;
				ASSETCATALOG_COMPILER_GLOBAL_ACCENT_COLOR_NAME = AccentColor;
				CODE_SIGN_STYLE = Automatic;
				CURRENT_PROJECT_VERSION = 1;
				DEVELOPMENT_ASSET_PATHS = "\"ios_logger2/Preview Content\"";
				DEVELOPMENT_TEAM = WDTS954UVV;
				ENABLE_PREVIEWS = YES;
				GENERATE_INFOPLIST_FILE = YES;
				INFOPLIST_KEY_UIApplicationSceneManifest_Generation = YES;
				INFOPLIST_KEY_UIApplicationSupportsIndirectInputEvents = YES;
				INFOPLIST_KEY_UILaunchScreen_Generation = YES;
				INFOPLIST_KEY_UISupportedInterfaceOrientations_iPad = "UIInterfaceOrientationPortrait UIInterfaceOrientationPortraitUpsideDown UIInterfaceOrientationLandscapeLeft UIInterfaceOrientationLandscapeRight";
				INFOPLIST_KEY_UISupportedInterfaceOrientations_iPhone = "UIInterfaceOrientationPortrait UIInterfaceOrientationLandscapeLeft UIInterfaceOrientationLandscapeRight";
				LD_RUNPATH_SEARCH_PATHS = (
					"$(inherited)",
					"@executable_path/Frameworks",
				);
				MARKETING_VERSION = 1.0;
				PRODUCT_BUNDLE_IDENTIFIER = "olin.ios-logger2";
				PRODUCT_NAME = "$(TARGET_NAME)";
				SWIFT_EMIT_LOC_STRINGS = YES;
				SWIFT_VERSION = 5.0;
				TARGETED_DEVICE_FAMILY = "1,2";
			};
			name = Debug;
		};
		61500B382A2FBAB8001FE294 /* Release */ = {
			isa = XCBuildConfiguration;
			buildSettings = {
				ASSETCATALOG_COMPILER_APPICON_NAME = AppIcon;
				ASSETCATALOG_COMPILER_GLOBAL_ACCENT_COLOR_NAME = AccentColor;
				CODE_SIGN_STYLE = Automatic;
				CURRENT_PROJECT_VERSION = 1;
				DEVELOPMENT_ASSET_PATHS = "\"ios_logger2/Preview Content\"";
				DEVELOPMENT_TEAM = WDTS954UVV;
				ENABLE_PREVIEWS = YES;
				GENERATE_INFOPLIST_FILE = YES;
				INFOPLIST_KEY_UIApplicationSceneManifest_Generation = YES;
				INFOPLIST_KEY_UIApplicationSupportsIndirectInputEvents = YES;
				INFOPLIST_KEY_UILaunchScreen_Generation = YES;
				INFOPLIST_KEY_UISupportedInterfaceOrientations_iPad = "UIInterfaceOrientationPortrait UIInterfaceOrientationPortraitUpsideDown UIInterfaceOrientationLandscapeLeft UIInterfaceOrientationLandscapeRight";
				INFOPLIST_KEY_UISupportedInterfaceOrientations_iPhone = "UIInterfaceOrientationPortrait UIInterfaceOrientationLandscapeLeft UIInterfaceOrientationLandscapeRight";
				LD_RUNPATH_SEARCH_PATHS = (
					"$(inherited)",
					"@executable_path/Frameworks",
				);
				MARKETING_VERSION = 1.0;
				PRODUCT_BUNDLE_IDENTIFIER = "olin.ios-logger2";
				PRODUCT_NAME = "$(TARGET_NAME)";
				SWIFT_EMIT_LOC_STRINGS = YES;
				SWIFT_VERSION = 5.0;
				TARGETED_DEVICE_FAMILY = "1,2";
			};
			name = Release;
		};
		61500B3A2A2FBAB8001FE294 /* Debug */ = {
			isa = XCBuildConfiguration;
			buildSettings = {
				ALWAYS_EMBED_SWIFT_STANDARD_LIBRARIES = YES;
				BUNDLE_LOADER = "$(TEST_HOST)";
				CODE_SIGN_STYLE = Automatic;
				CURRENT_PROJECT_VERSION = 1;
				DEVELOPMENT_TEAM = WDTS954UVV;
				GENERATE_INFOPLIST_FILE = YES;
				IPHONEOS_DEPLOYMENT_TARGET = 16.4;
				MARKETING_VERSION = 1.0;
				PRODUCT_BUNDLE_IDENTIFIER = "olin.ios-logger2Tests";
				PRODUCT_NAME = "$(TARGET_NAME)";
				SWIFT_EMIT_LOC_STRINGS = NO;
				SWIFT_VERSION = 5.0;
				TARGETED_DEVICE_FAMILY = "1,2";
				TEST_HOST = "$(BUILT_PRODUCTS_DIR)/ios_logger2.app/$(BUNDLE_EXECUTABLE_FOLDER_PATH)/ios_logger2";
			};
			name = Debug;
		};
		61500B3B2A2FBAB8001FE294 /* Release */ = {
			isa = XCBuildConfiguration;
			buildSettings = {
				ALWAYS_EMBED_SWIFT_STANDARD_LIBRARIES = YES;
				BUNDLE_LOADER = "$(TEST_HOST)";
				CODE_SIGN_STYLE = Automatic;
				CURRENT_PROJECT_VERSION = 1;
				DEVELOPMENT_TEAM = WDTS954UVV;
				GENERATE_INFOPLIST_FILE = YES;
				IPHONEOS_DEPLOYMENT_TARGET = 16.4;
				MARKETING_VERSION = 1.0;
				PRODUCT_BUNDLE_IDENTIFIER = "olin.ios-logger2Tests";
				PRODUCT_NAME = "$(TARGET_NAME)";
				SWIFT_EMIT_LOC_STRINGS = NO;
				SWIFT_VERSION = 5.0;
				TARGETED_DEVICE_FAMILY = "1,2";
				TEST_HOST = "$(BUILT_PRODUCTS_DIR)/ios_logger2.app/$(BUNDLE_EXECUTABLE_FOLDER_PATH)/ios_logger2";
			};
			name = Release;
		};
		61500B3D2A2FBAB8001FE294 /* Debug */ = {
			isa = XCBuildConfiguration;
			buildSettings = {
				ALWAYS_EMBED_SWIFT_STANDARD_LIBRARIES = YES;
				CODE_SIGN_STYLE = Automatic;
				CURRENT_PROJECT_VERSION = 1;
				DEVELOPMENT_TEAM = WDTS954UVV;
				GENERATE_INFOPLIST_FILE = YES;
				MARKETING_VERSION = 1.0;
				PRODUCT_BUNDLE_IDENTIFIER = "olin.ios-logger2UITests";
				PRODUCT_NAME = "$(TARGET_NAME)";
				SWIFT_EMIT_LOC_STRINGS = NO;
				SWIFT_VERSION = 5.0;
				TARGETED_DEVICE_FAMILY = "1,2";
				TEST_TARGET_NAME = ios_logger2;
			};
			name = Debug;
		};
		61500B3E2A2FBAB8001FE294 /* Release */ = {
			isa = XCBuildConfiguration;
			buildSettings = {
				ALWAYS_EMBED_SWIFT_STANDARD_LIBRARIES = YES;
				CODE_SIGN_STYLE = Automatic;
				CURRENT_PROJECT_VERSION = 1;
				DEVELOPMENT_TEAM = WDTS954UVV;
				GENERATE_INFOPLIST_FILE = YES;
				MARKETING_VERSION = 1.0;
				PRODUCT_BUNDLE_IDENTIFIER = "olin.ios-logger2UITests";
				PRODUCT_NAME = "$(TARGET_NAME)";
				SWIFT_EMIT_LOC_STRINGS = NO;
				SWIFT_VERSION = 5.0;
				TARGETED_DEVICE_FAMILY = "1,2";
				TEST_TARGET_NAME = ios_logger2;
			};
			name = Release;
		};
/* End XCBuildConfiguration section */

/* Begin XCConfigurationList section */
		61500B0D2A2FBAB7001FE294 /* Build configuration list for PBXProject "ios_logger2" */ = {
			isa = XCConfigurationList;
			buildConfigurations = (
				61500B342A2FBAB8001FE294 /* Debug */,
				61500B352A2FBAB8001FE294 /* Release */,
			);
			defaultConfigurationIsVisible = 0;
			defaultConfigurationName = Release;
		};
		61500B362A2FBAB8001FE294 /* Build configuration list for PBXNativeTarget "ios_logger2" */ = {
			isa = XCConfigurationList;
			buildConfigurations = (
				61500B372A2FBAB8001FE294 /* Debug */,
				61500B382A2FBAB8001FE294 /* Release */,
			);
			defaultConfigurationIsVisible = 0;
			defaultConfigurationName = Release;
		};
		61500B392A2FBAB8001FE294 /* Build configuration list for PBXNativeTarget "ios_logger2Tests" */ = {
			isa = XCConfigurationList;
			buildConfigurations = (
				61500B3A2A2FBAB8001FE294 /* Debug */,
				61500B3B2A2FBAB8001FE294 /* Release */,
			);
			defaultConfigurationIsVisible = 0;
			defaultConfigurationName = Release;
		};
		61500B3C2A2FBAB8001FE294 /* Build configuration list for PBXNativeTarget "ios_logger2UITests" */ = {
			isa = XCConfigurationList;
			buildConfigurations = (
				61500B3D2A2FBAB8001FE294 /* Debug */,
				61500B3E2A2FBAB8001FE294 /* Release */,
			);
			defaultConfigurationIsVisible = 0;
			defaultConfigurationName = Release;
		};
/* End XCConfigurationList section */

/* Begin XCRemoteSwiftPackageReference section */
		61500B472A30C81F001FE294 /* XCRemoteSwiftPackageReference "swift-protobuf" */ = {
			isa = XCRemoteSwiftPackageReference;
			repositoryURL = "https://github.com/apple/swift-protobuf.git";
			requirement = {
				kind = upToNextMinorVersion;
				minimumVersion = 1.21.0;
			};
		};
/* End XCRemoteSwiftPackageReference section */

/* Begin XCSwiftPackageProductDependency section */
		61500B482A30C81F001FE294 /* SwiftProtobuf */ = {
			isa = XCSwiftPackageProductDependency;
			package = 61500B472A30C81F001FE294 /* XCRemoteSwiftPackageReference "swift-protobuf" */;
			productName = SwiftProtobuf;
		};
		61500B4A2A30C81F001FE294 /* SwiftProtobufPluginLibrary */ = {
			isa = XCSwiftPackageProductDependency;
			package = 61500B472A30C81F001FE294 /* XCRemoteSwiftPackageReference "swift-protobuf" */;
			productName = SwiftProtobufPluginLibrary;
		};
		61500B4C2A30C81F001FE294 /* protoc-gen-swift */ = {
			isa = XCSwiftPackageProductDependency;
			package = 61500B472A30C81F001FE294 /* XCRemoteSwiftPackageReference "swift-protobuf" */;
			productName = "protoc-gen-swift";
		};
/* End XCSwiftPackageProductDependency section */
	};
	rootObject = 61500B0A2A2FBAB7001FE294 /* Project object */;
}
